
Microsoft Visual Studio Solution File, Format Version 12.00
# Visual Studio Version 16
VisualStudioVersion = 16.0.31205.134
MinimumVisualStudioVersion = 10.0.40219.1
Project("{2150E333-8FDC-42A3-9474-1A3956D46DE8}") = "src", "src", "{F720997D-0E06-4038-804B-416410B2F570}"
EndProject
Project("{2150E333-8FDC-42A3-9474-1A3956D46DE8}") = "Products", "Products", "{91565013-A236-424E-BBE2-EDDDC4A476B8}"
EndProject
Project("{9A19103F-16F7-4668-BE54-9A1E7A4F7556}") = "ESourcing.Products", "ESourcing.Products\ESourcing.Products.csproj", "{ED846D70-087A-4991-AB87-E74D698D0E25}"
EndProject
Project("{2150E333-8FDC-42A3-9474-1A3956D46DE8}") = "ApiGateway", "ApiGateway", "{4ABD4BD0-D121-4E00-A749-C68127A2BACF}"
EndProject
Project("{2150E333-8FDC-42A3-9474-1A3956D46DE8}") = "WebApp", "WebApp", "{B6073917-8605-4617-AD71-18EF07F1B251}"
EndProject
Project("{2150E333-8FDC-42A3-9474-1A3956D46DE8}") = "Services", "Services", "{D12EE8B5-2798-4219-9151-4A0EDD57347D}"
EndProject
Project("{E53339B2-1760-4266-BCC7-CA923CBCF16C}") = "docker-compose", "docker-compose.dcproj", "{45572327-1700-4E8B-8590-A53EFDC5454E}"
EndProject
Project("{2150E333-8FDC-42A3-9474-1A3956D46DE8}") = "Common", "Common", "{A28207B9-32D3-4A95-A72F-0FBB00FC52D1}"
EndProject
Project("{2150E333-8FDC-42A3-9474-1A3956D46DE8}") = "Order", "Order", "{89A10C83-AB74-4542-97E4-BDB5D5C497CD}"
EndProject
Project("{2150E333-8FDC-42A3-9474-1A3956D46DE8}") = "Sourcing", "Sourcing", "{AD868BB2-2411-44C8-94CC-14ACB5DB6B89}"
EndProject
Project("{9A19103F-16F7-4668-BE54-9A1E7A4F7556}") = "Esourcing.Sourcing", "Esourcing.Sourcing\Esourcing.Sourcing.csproj", "{7C7AD485-1FA4-41BB-B99D-545F6AFE8C80}"
EndProject
Project("{9A19103F-16F7-4668-BE54-9A1E7A4F7556}") = "EventBusRabbitMQ", "EventBusRabbitMQ\EventBusRabbitMQ.csproj", "{4E8E4630-781D-48C1-A508-3EEC1476120B}"
EndProject
Project("{9A19103F-16F7-4668-BE54-9A1E7A4F7556}") = "ESourcing.Order", "ESourcing.Order\ESourcing.Order.csproj", "{62EBFC4E-8DD8-4576-9896-DE0A82BFFC9B}"
EndProject
Project("{9A19103F-16F7-4668-BE54-9A1E7A4F7556}") = "Ordering.Application", "Ordering.Application\Ordering.Application.csproj", "{DD23A15E-8A4A-4CB0-807E-63AF681A7666}"
EndProject
Project("{9A19103F-16F7-4668-BE54-9A1E7A4F7556}") = "Ordering.Domain", "Ordering.Domain\Ordering.Domain.csproj", "{192D2AD2-2DCF-4760-860C-24D37F06DBA3}"
EndProject
Project("{9A19103F-16F7-4668-BE54-9A1E7A4F7556}") = "Ordering.Infrastructure", "Ordering.Infrastructure\Ordering.Infrastructure.csproj", "{F507044E-B434-43C8-B956-29E68BFE3E3E}"
EndProject
Project("{9A19103F-16F7-4668-BE54-9A1E7A4F7556}") = "Esourcing.APIGateway", "Esourcing.APIGateway\Esourcing.APIGateway.csproj", "{0E030AE1-B1E2-468A-8490-829539FF9A08}"
EndProject
Project("{9A19103F-16F7-4668-BE54-9A1E7A4F7556}") = "Esourcing.UI", "Esourcing.UI\Esourcing.UI.csproj", "{2188CA70-F67D-4B2E-8F6A-0A3FABECD241}"
EndProject
Project("{FAE04EC0-301F-11D3-BF4B-00C04F79EFBC}") = "ESourcing.Core", "ESourcing.Core\ESourcing.Core.csproj", "{2BD5CADF-8EFB-4D05-8AA7-CAFF759F1BE4}"
EndProject
Project("{FAE04EC0-301F-11D3-BF4B-00C04F79EFBC}") = "ESourcing.Infrastructure", "ESourcing.Infrastructure\ESourcing.Infrastructure.csproj", "{EDC84372-C046-4846-B7B3-31658BEADBDC}"
EndProject
Global
	GlobalSection(SolutionConfigurationPlatforms) = preSolution
		Debug|Any CPU = Debug|Any CPU
		Release|Any CPU = Release|Any CPU
	EndGlobalSection
	GlobalSection(ProjectConfigurationPlatforms) = postSolution
		{ED846D70-087A-4991-AB87-E74D698D0E25}.Debug|Any CPU.ActiveCfg = Debug|Any CPU
		{ED846D70-087A-4991-AB87-E74D698D0E25}.Debug|Any CPU.Build.0 = Debug|Any CPU
		{ED846D70-087A-4991-AB87-E74D698D0E25}.Release|Any CPU.ActiveCfg = Release|Any CPU
		{ED846D70-087A-4991-AB87-E74D698D0E25}.Release|Any CPU.Build.0 = Release|Any CPU
		{45572327-1700-4E8B-8590-A53EFDC5454E}.Debug|Any CPU.ActiveCfg = Debug|Any CPU
		{45572327-1700-4E8B-8590-A53EFDC5454E}.Debug|Any CPU.Build.0 = Debug|Any CPU
		{45572327-1700-4E8B-8590-A53EFDC5454E}.Release|Any CPU.ActiveCfg = Release|Any CPU
		{45572327-1700-4E8B-8590-A53EFDC5454E}.Release|Any CPU.Build.0 = Release|Any CPU
		{7C7AD485-1FA4-41BB-B99D-545F6AFE8C80}.Debug|Any CPU.ActiveCfg = Debug|Any CPU
		{7C7AD485-1FA4-41BB-B99D-545F6AFE8C80}.Debug|Any CPU.Build.0 = Debug|Any CPU
		{7C7AD485-1FA4-41BB-B99D-545F6AFE8C80}.Release|Any CPU.ActiveCfg = Release|Any CPU
		{7C7AD485-1FA4-41BB-B99D-545F6AFE8C80}.Release|Any CPU.Build.0 = Release|Any CPU
		{4E8E4630-781D-48C1-A508-3EEC1476120B}.Debug|Any CPU.ActiveCfg = Debug|Any CPU
		{4E8E4630-781D-48C1-A508-3EEC1476120B}.Debug|Any CPU.Build.0 = Debug|Any CPU
		{4E8E4630-781D-48C1-A508-3EEC1476120B}.Release|Any CPU.ActiveCfg = Release|Any CPU
		{4E8E4630-781D-48C1-A508-3EEC1476120B}.Release|Any CPU.Build.0 = Release|Any CPU
		{62EBFC4E-8DD8-4576-9896-DE0A82BFFC9B}.Debug|Any CPU.ActiveCfg = Debug|Any CPU
		{62EBFC4E-8DD8-4576-9896-DE0A82BFFC9B}.Debug|Any CPU.Build.0 = Debug|Any CPU
		{62EBFC4E-8DD8-4576-9896-DE0A82BFFC9B}.Release|Any CPU.ActiveCfg = Release|Any CPU
		{62EBFC4E-8DD8-4576-9896-DE0A82BFFC9B}.Release|Any CPU.Build.0 = Release|Any CPU
		{DD23A15E-8A4A-4CB0-807E-63AF681A7666}.Debug|Any CPU.ActiveCfg = Debug|Any CPU
		{DD23A15E-8A4A-4CB0-807E-63AF681A7666}.Debug|Any CPU.Build.0 = Debug|Any CPU
		{DD23A15E-8A4A-4CB0-807E-63AF681A7666}.Release|Any CPU.ActiveCfg = Release|Any CPU
		{DD23A15E-8A4A-4CB0-807E-63AF681A7666}.Release|Any CPU.Build.0 = Release|Any CPU
		{192D2AD2-2DCF-4760-860C-24D37F06DBA3}.Debug|Any CPU.ActiveCfg = Debug|Any CPU
		{192D2AD2-2DCF-4760-860C-24D37F06DBA3}.Debug|Any CPU.Build.0 = Debug|Any CPU
		{192D2AD2-2DCF-4760-860C-24D37F06DBA3}.Release|Any CPU.ActiveCfg = Release|Any CPU
		{192D2AD2-2DCF-4760-860C-24D37F06DBA3}.Release|Any CPU.Build.0 = Release|Any CPU
		{F507044E-B434-43C8-B956-29E68BFE3E3E}.Debug|Any CPU.ActiveCfg = Debug|Any CPU
		{F507044E-B434-43C8-B956-29E68BFE3E3E}.Debug|Any CPU.Build.0 = Debug|Any CPU
		{F507044E-B434-43C8-B956-29E68BFE3E3E}.Release|Any CPU.ActiveCfg = Release|Any CPU
		{F507044E-B434-43C8-B956-29E68BFE3E3E}.Release|Any CPU.Build.0 = Release|Any CPU
		{0E030AE1-B1E2-468A-8490-829539FF9A08}.Debug|Any CPU.ActiveCfg = Debug|Any CPU
		{0E030AE1-B1E2-468A-8490-829539FF9A08}.Debug|Any CPU.Build.0 = Debug|Any CPU
		{0E030AE1-B1E2-468A-8490-829539FF9A08}.Release|Any CPU.ActiveCfg = Release|Any CPU
		{0E030AE1-B1E2-468A-8490-829539FF9A08}.Release|Any CPU.Build.0 = Release|Any CPU
		{2188CA70-F67D-4B2E-8F6A-0A3FABECD241}.Debug|Any CPU.ActiveCfg = Debug|Any CPU
		{2188CA70-F67D-4B2E-8F6A-0A3FABECD241}.Debug|Any CPU.Build.0 = Debug|Any CPU
		{2188CA70-F67D-4B2E-8F6A-0A3FABECD241}.Release|Any CPU.ActiveCfg = Release|Any CPU
		{2188CA70-F67D-4B2E-8F6A-0A3FABECD241}.Release|Any CPU.Build.0 = Release|Any CPU
		{2BD5CADF-8EFB-4D05-8AA7-CAFF759F1BE4}.Debug|Any CPU.ActiveCfg = Debug|Any CPU
		{2BD5CADF-8EFB-4D05-8AA7-CAFF759F1BE4}.Debug|Any CPU.Build.0 = Debug|Any CPU
		{2BD5CADF-8EFB-4D05-8AA7-CAFF759F1BE4}.Release|Any CPU.ActiveCfg = Release|Any CPU
		{2BD5CADF-8EFB-4D05-8AA7-CAFF759F1BE4}.Release|Any CPU.Build.0 = Release|Any CPU
		{EDC84372-C046-4846-B7B3-31658BEADBDC}.Debug|Any CPU.ActiveCfg = Debug|Any CPU
		{EDC84372-C046-4846-B7B3-31658BEADBDC}.Debug|Any CPU.Build.0 = Debug|Any CPU
		{EDC84372-C046-4846-B7B3-31658BEADBDC}.Release|Any CPU.ActiveCfg = Release|Any CPU
		{EDC84372-C046-4846-B7B3-31658BEADBDC}.Release|Any CPU.Build.0 = Release|Any CPU
	EndGlobalSection
	GlobalSection(SolutionProperties) = preSolution
		HideSolutionNode = FALSE
	EndGlobalSection
	GlobalSection(NestedProjects) = preSolution
		{91565013-A236-424E-BBE2-EDDDC4A476B8} = {D12EE8B5-2798-4219-9151-4A0EDD57347D}
		{ED846D70-087A-4991-AB87-E74D698D0E25} = {91565013-A236-424E-BBE2-EDDDC4A476B8}
		{4ABD4BD0-D121-4E00-A749-C68127A2BACF} = {F720997D-0E06-4038-804B-416410B2F570}
		{B6073917-8605-4617-AD71-18EF07F1B251} = {F720997D-0E06-4038-804B-416410B2F570}
		{D12EE8B5-2798-4219-9151-4A0EDD57347D} = {F720997D-0E06-4038-804B-416410B2F570}
		{A28207B9-32D3-4A95-A72F-0FBB00FC52D1} = {D12EE8B5-2798-4219-9151-4A0EDD57347D}
		{89A10C83-AB74-4542-97E4-BDB5D5C497CD} = {D12EE8B5-2798-4219-9151-4A0EDD57347D}
		{AD868BB2-2411-44C8-94CC-14ACB5DB6B89} = {D12EE8B5-2798-4219-9151-4A0EDD57347D}
		{7C7AD485-1FA4-41BB-B99D-545F6AFE8C80} = {AD868BB2-2411-44C8-94CC-14ACB5DB6B89}
		{4E8E4630-781D-48C1-A508-3EEC1476120B} = {A28207B9-32D3-4A95-A72F-0FBB00FC52D1}
		{62EBFC4E-8DD8-4576-9896-DE0A82BFFC9B} = {89A10C83-AB74-4542-97E4-BDB5D5C497CD}
		{DD23A15E-8A4A-4CB0-807E-63AF681A7666} = {89A10C83-AB74-4542-97E4-BDB5D5C497CD}
		{192D2AD2-2DCF-4760-860C-24D37F06DBA3} = {89A10C83-AB74-4542-97E4-BDB5D5C497CD}
		{F507044E-B434-43C8-B956-29E68BFE3E3E} = {89A10C83-AB74-4542-97E4-BDB5D5C497CD}
		{0E030AE1-B1E2-468A-8490-829539FF9A08} = {4ABD4BD0-D121-4E00-A749-C68127A2BACF}
		{2188CA70-F67D-4B2E-8F6A-0A3FABECD241} = {B6073917-8605-4617-AD71-18EF07F1B251}
		{2BD5CADF-8EFB-4D05-8AA7-CAFF759F1BE4} = {B6073917-8605-4617-AD71-18EF07F1B251}
		{EDC84372-C046-4846-B7B3-31658BEADBDC} = {B6073917-8605-4617-AD71-18EF07F1B251}
	EndGlobalSection
	GlobalSection(ExtensibilityGlobals) = postSolution
		SolutionGuid = {37778C3B-DFEC-4F06-B4E6-868F722646F4}
	EndGlobalSection
EndGlobal
